
Microsoft Visual Studio Solution File, Format Version 12.00
# Visual Studio Version 17
VisualStudioVersion = 17.14.36212.18 d17.14
MinimumVisualStudioVersion = 10.0.40219.1
Project("{FAE04EC0-301F-11D3-BF4B-00C04F79EFBC}") = "pruebaEntityFramework", "pruebaEntityFramework\pruebaEntityFramework.csproj", "{A7B7CB89-035F-4392-BA28-4E32984458A8}"
EndProject
Global
	GlobalSection(SolutionConfigurationPlatforms) = preSolution
		Debug|Any CPU = Debug|Any CPU
		Release|Any CPU = Release|Any CPU
	EndGlobalSection
	GlobalSection(ProjectConfigurationPlatforms) = postSolution
		{A7B7CB89-035F-4392-BA28-4E32984458A8}.Debug|Any CPU.ActiveCfg = Debug|Any CPU
		{A7B7CB89-035F-4392-BA28-4E32984458A8}.Debug|Any CPU.Build.0 = Debug|Any CPU
		{A7B7CB89-035F-4392-BA28-4E32984458A8}.Release|Any CPU.ActiveCfg = Release|Any CPU
		{A7B7CB89-035F-4392-BA28-4E32984458A8}.Release|Any CPU.Build.0 = Release|Any CPU
	EndGlobalSection
	GlobalSection(SolutionProperties) = preSolution
		HideSolutionNode = FALSE
	EndGlobalSection
	GlobalSection(ExtensibilityGlobals) = postSolution
		SolutionGuid = {A4749C23-D772-4D96-A62E-C235F25D4DD7}
	EndGlobalSection
EndGlobal
